
Microsoft Visual Studio Solution File, Format Version 12.00
# Visual Studio Version 16
VisualStudioVersion = 16.0.31605.320
MinimumVisualStudioVersion = 10.0.40219.1
Project("{9A19103F-16F7-4668-BE54-9A1E7A4F7556}") = "UdemyXUnitTest.App", "UdemyXUnitTest.APP\UdemyXUnitTest.App.csproj", "{88D0AA50-6D32-41BD-9BD6-3C71C0A5D05C}"
EndProject
Project("{9A19103F-16F7-4668-BE54-9A1E7A4F7556}") = "UdemyXUnitTest.Test", "UdemyXUnitTest.Test\UdemyXUnitTest.Test.csproj", "{01B13AB8-BD64-4A8B-B633-6229821745A6}"
EndProject
Project("{9A19103F-16F7-4668-BE54-9A1E7A4F7556}") = "UdemyXUnitTest.Web", "UdemyXUnitTest.Web\UdemyXUnitTest.Web.csproj", "{79ECD2A3-EC26-49A7-BAAB-B58DFCEF5A50}"
EndProject
Global
	GlobalSection(SolutionConfigurationPlatforms) = preSolution
		Debug|Any CPU = Debug|Any CPU
		Release|Any CPU = Release|Any CPU
	EndGlobalSection
	GlobalSection(ProjectConfigurationPlatforms) = postSolution
		{88D0AA50-6D32-41BD-9BD6-3C71C0A5D05C}.Debug|Any CPU.ActiveCfg = Debug|Any CPU
		{88D0AA50-6D32-41BD-9BD6-3C71C0A5D05C}.Debug|Any CPU.Build.0 = Debug|Any CPU
		{88D0AA50-6D32-41BD-9BD6-3C71C0A5D05C}.Release|Any CPU.ActiveCfg = Release|Any CPU
		{88D0AA50-6D32-41BD-9BD6-3C71C0A5D05C}.Release|Any CPU.Build.0 = Release|Any CPU
		{01B13AB8-BD64-4A8B-B633-6229821745A6}.Debug|Any CPU.ActiveCfg = Debug|Any CPU
		{01B13AB8-BD64-4A8B-B633-6229821745A6}.Debug|Any CPU.Build.0 = Debug|Any CPU
		{01B13AB8-BD64-4A8B-B633-6229821745A6}.Release|Any CPU.ActiveCfg = Release|Any CPU
		{01B13AB8-BD64-4A8B-B633-6229821745A6}.Release|Any CPU.Build.0 = Release|Any CPU
		{79ECD2A3-EC26-49A7-BAAB-B58DFCEF5A50}.Debug|Any CPU.ActiveCfg = Debug|Any CPU
		{79ECD2A3-EC26-49A7-BAAB-B58DFCEF5A50}.Debug|Any CPU.Build.0 = Debug|Any CPU
		{79ECD2A3-EC26-49A7-BAAB-B58DFCEF5A50}.Release|Any CPU.ActiveCfg = Release|Any CPU
		{79ECD2A3-EC26-49A7-BAAB-B58DFCEF5A50}.Release|Any CPU.Build.0 = Release|Any CPU
	EndGlobalSection
	GlobalSection(SolutionProperties) = preSolution
		HideSolutionNode = FALSE
	EndGlobalSection
	GlobalSection(ExtensibilityGlobals) = postSolution
		SolutionGuid = {A20144EA-666F-4AA9-A3D9-320D9DBD2BC1}
	EndGlobalSection
EndGlobal
